hash: 76be89779b20ff7ae2ebe320260aa34c1f818eb4388f1091a22fb7c0219bd54f
updated: 2017-05-07T16:29:19.895768876-07:00
imports:
- name: github.com/inconshreveable/mousetrap
  version: 76626ae9c91c4f2a10f34cad8ce83ea42c93bb75
- name: github.com/spf13/cobra
  version: d83a1d7ccd00a9e1b5d234653837b498b9b27abd
- name: github.com/spf13/pflag
  version: 80fe0fb4eba54167e2ccae1c6c950e72abf61b73
devImports: []
